
Microsoft Visual Studio Solution File, Format Version 12.00
# Visual Studio Version 16
VisualStudioVersion = 16.0.30804.86
MinimumVisualStudioVersion = 10.0.40219.1
Project("{9A19103F-16F7-4668-BE54-9A1E7A4F7556}") = "Mnemosyne", "Mnemosyne\Mnemosyne.csproj", "{880D972A-3E28-4D5D-A272-9D6EC8260429}"
EndProject
Project("{9A19103F-16F7-4668-BE54-9A1E7A4F7556}") = "Mnemosyne.UnitTests", "Mnemosyne.UnitTests\Mnemosyne.UnitTests.csproj", "{EF8FADCA-32C1-4659-B455-54D25587AC1C}"
EndProject
Project("{54435603-DBB4-11D2-8724-00A0C9A8B90C}") = "MnemInstaller", "MnemInstaller\MnemInstaller.vdproj", "{A7BE7BAD-7E44-461E-9775-19F81234432E}"
EndProject
Global
	GlobalSection(SolutionConfigurationPlatforms) = preSolution
		Debug|Any CPU = Debug|Any CPU
		Release|Any CPU = Release|Any CPU
	EndGlobalSection
	GlobalSection(ProjectConfigurationPlatforms) = postSolution
		{880D972A-3E28-4D5D-A272-9D6EC8260429}.Debug|Any CPU.ActiveCfg = Debug|Any CPU
		{880D972A-3E28-4D5D-A272-9D6EC8260429}.Debug|Any CPU.Build.0 = Debug|Any CPU
		{880D972A-3E28-4D5D-A272-9D6EC8260429}.Release|Any CPU.ActiveCfg = Release|Any CPU
		{880D972A-3E28-4D5D-A272-9D6EC8260429}.Release|Any CPU.Build.0 = Release|Any CPU
		{EF8FADCA-32C1-4659-B455-54D25587AC1C}.Debug|Any CPU.ActiveCfg = Debug|Any CPU
		{EF8FADCA-32C1-4659-B455-54D25587AC1C}.Debug|Any CPU.Build.0 = Debug|Any CPU
		{EF8FADCA-32C1-4659-B455-54D25587AC1C}.Release|Any CPU.ActiveCfg = Release|Any CPU
		{A7BE7BAD-7E44-461E-9775-19F81234432E}.Debug|Any CPU.ActiveCfg = Debug
		{A7BE7BAD-7E44-461E-9775-19F81234432E}.Debug|Any CPU.Build.0 = Debug
		{A7BE7BAD-7E44-461E-9775-19F81234432E}.Release|Any CPU.ActiveCfg = Release
		{A7BE7BAD-7E44-461E-9775-19F81234432E}.Release|Any CPU.Build.0 = Release
	EndGlobalSection
	GlobalSection(SolutionProperties) = preSolution
		HideSolutionNode = FALSE
	EndGlobalSection
	GlobalSection(ExtensibilityGlobals) = postSolution
		SolutionGuid = {82516573-47C5-4EE5-9FB5-289C8519D003}
	EndGlobalSection
EndGlobal
